
Microsoft Visual Studio Solution File, Format Version 12.00
# Visual Studio Version 17
VisualStudioVersion = 17.3.32825.248
MinimumVisualStudioVersion = 10.0.40219.1
Project("{FAE04EC0-301F-11D3-BF4B-00C04F79EFBC}") = "IVTLHZ11", "IVTLHZ11\IVTLHZ11.csproj", "{7D86EFD3-45A4-4ED4-AD4D-CE92A19537A2}"
EndProject
Global
	GlobalSection(SolutionConfigurationPlatforms) = preSolution
		Debug|Any CPU = Debug|Any CPU
		Release|Any CPU = Release|Any CPU
	EndGlobalSection
	GlobalSection(ProjectConfigurationPlatforms) = postSolution
		{7D86EFD3-45A4-4ED4-AD4D-CE92A19537A2}.Debug|Any CPU.ActiveCfg = Debug|Any CPU
		{7D86EFD3-45A4-4ED4-AD4D-CE92A19537A2}.Debug|Any CPU.Build.0 = Debug|Any CPU
		{7D86EFD3-45A4-4ED4-AD4D-CE92A19537A2}.Release|Any CPU.ActiveCfg = Release|Any CPU
		{7D86EFD3-45A4-4ED4-AD4D-CE92A19537A2}.Release|Any CPU.Build.0 = Release|Any CPU
	EndGlobalSection
	GlobalSection(SolutionProperties) = preSolution
		HideSolutionNode = FALSE
	EndGlobalSection
	GlobalSection(ExtensibilityGlobals) = postSolution
		SolutionGuid = {60AECBED-A1D6-45F4-ABBB-CEA363997B61}
	EndGlobalSection
EndGlobal
