
Microsoft Visual Studio Solution File, Format Version 12.00
# Visual Studio Version 17
VisualStudioVersion = 17.3.32825.248
MinimumVisualStudioVersion = 10.0.40219.1
Project("{FAE04EC0-301F-11D3-BF4B-00C04F79EFBC}") = "Gyak03IVTLHZ", "Gyak03IVTLHZ\Gyak03IVTLHZ.csproj", "{6ECE6CB5-B57C-4CFF-9272-D4082B74FDCD}"
EndProject
Global
	GlobalSection(SolutionConfigurationPlatforms) = preSolution
		Debug|Any CPU = Debug|Any CPU
		Release|Any CPU = Release|Any CPU
	EndGlobalSection
	GlobalSection(ProjectConfigurationPlatforms) = postSolution
		{6ECE6CB5-B57C-4CFF-9272-D4082B74FDCD}.Debug|Any CPU.ActiveCfg = Debug|Any CPU
		{6ECE6CB5-B57C-4CFF-9272-D4082B74FDCD}.Debug|Any CPU.Build.0 = Debug|Any CPU
		{6ECE6CB5-B57C-4CFF-9272-D4082B74FDCD}.Release|Any CPU.ActiveCfg = Release|Any CPU
		{6ECE6CB5-B57C-4CFF-9272-D4082B74FDCD}.Release|Any CPU.Build.0 = Release|Any CPU
	EndGlobalSection
	GlobalSection(SolutionProperties) = preSolution
		HideSolutionNode = FALSE
	EndGlobalSection
	GlobalSection(ExtensibilityGlobals) = postSolution
		SolutionGuid = {586E3190-170A-470C-8033-BF09105FE4FC}
	EndGlobalSection
EndGlobal
